
Microsoft Visual Studio Solution File, Format Version 12.00
# Visual Studio Version 17
VisualStudioVersion = 17.11.35303.130
MinimumVisualStudioVersion = 10.0.40219.1
Project("{FAE04EC0-301F-11D3-BF4B-00C04F79EFBC}") = "StorySpoiler", "StorySpoiler\StorySpoiler.csproj", "{AED49D6D-7008-4E12-9C08-BD1C576F357A}"
EndProject
Global
	GlobalSection(SolutionConfigurationPlatforms) = preSolution
		Debug|Any CPU = Debug|Any CPU
		Release|Any CPU = Release|Any CPU
	EndGlobalSection
	GlobalSection(ProjectConfigurationPlatforms) = postSolution
		{AED49D6D-7008-4E12-9C08-BD1C576F357A}.Debug|Any CPU.ActiveCfg = Debug|Any CPU
		{AED49D6D-7008-4E12-9C08-BD1C576F357A}.Debug|Any CPU.Build.0 = Debug|Any CPU
		{AED49D6D-7008-4E12-9C08-BD1C576F357A}.Release|Any CPU.ActiveCfg = Release|Any CPU
		{AED49D6D-7008-4E12-9C08-BD1C576F357A}.Release|Any CPU.Build.0 = Release|Any CPU
	EndGlobalSection
	GlobalSection(SolutionProperties) = preSolution
		HideSolutionNode = FALSE
	EndGlobalSection
	GlobalSection(ExtensibilityGlobals) = postSolution
		SolutionGuid = {6DD6E5DE-B2DB-41E3-BF06-8E588BBB782E}
	EndGlobalSection
EndGlobal
